// !$*UTF8*$!
{
	archiveVersion = 1;
	classes = {
	};
	objectVersion = 51;
	objects = {

/* Begin PBXBuildFile section */
		3E54966C34A021FAF41E3376 /* Pods_CleanArchitectureUITests.framework in Frameworks */ = {isa = PBXBuildFile; fileRef = BEF2D891104D13F066183073 /* Pods_CleanArchitectureUITests.framework */; };
		BC202569EFD28C37B98C38C2 /* Pods_CleanArchitecture.framework in Frameworks */ = {isa = PBXBuildFile; fileRef = 21AD7ADD507516C102724B98 /* Pods_CleanArchitecture.framework */; };
		D3171DEA0F25C22ACF3F54A3 /* Pods_CleanArchitectureTests.framework in Frameworks */ = {isa = PBXBuildFile; fileRef = 9C3336D10153BA3B6E97A522 /* Pods_CleanArchitectureTests.framework */; };
		E11170A223A4D76B00A20F41 /* Movie.swift in Sources */ = {isa = PBXBuildFile; fileRef = E11170A123A4D76B00A20F41 /* Movie.swift */; };
		E11170A523A4E2F000A20F41 /* MovieCell.swift in Sources */ = {isa = PBXBuildFile; fileRef = E11170A423A4E2F000A20F41 /* MovieCell.swift */; };
		E11170A723A4E3D800A20F41 /* MovieCellReactor.swift in Sources */ = {isa = PBXBuildFile; fileRef = E11170A623A4E3D800A20F41 /* MovieCellReactor.swift */; };
		E141718423A6221C00426AB7 /* FavoriteMovieListViewController.swift in Sources */ = {isa = PBXBuildFile; fileRef = E141718323A6221C00426AB7 /* FavoriteMovieListViewController.swift */; };
		E141718623A6223900426AB7 /* FavoriteMovieListViewReactor.swift in Sources */ = {isa = PBXBuildFile; fileRef = E141718523A6223900426AB7 /* FavoriteMovieListViewReactor.swift */; };
		E141718923A643F800426AB7 /* Toast.swift in Sources */ = {isa = PBXBuildFile; fileRef = E141718823A643F800426AB7 /* Toast.swift */; };
		E141718B23A6471000426AB7 /* Observable+Extension.swift in Sources */ = {isa = PBXBuildFile; fileRef = E141718A23A6471000426AB7 /* Observable+Extension.swift */; };
		E141719223A65F8700426AB7 /* MovieRepository.swift in Sources */ = {isa = PBXBuildFile; fileRef = E141719123A65F8700426AB7 /* MovieRepository.swift */; };
		E157782F23A28C8E00A5979E /* NetworkService.swift in Sources */ = {isa = PBXBuildFile; fileRef = E157782E23A28C8E00A5979E /* NetworkService.swift */; };
		E157783223A3C91D00A5979E /* WebApi.swift in Sources */ = {isa = PBXBuildFile; fileRef = E157783123A3C91D00A5979E /* WebApi.swift */; };
		E1B7287123A517C800C753BC /* MovieDetailViewController.swift in Sources */ = {isa = PBXBuildFile; fileRef = E1B7287023A517C800C753BC /* MovieDetailViewController.swift */; };
		E1B7287323A517D200C753BC /* MovieDetailViewReactor.swift in Sources */ = {isa = PBXBuildFile; fileRef = E1B7287223A517D200C753BC /* MovieDetailViewReactor.swift */; };
		E1B7287523A614AF00C753BC /* FavoriteFlow.swift in Sources */ = {isa = PBXBuildFile; fileRef = E1B7287423A614AF00C753BC /* FavoriteFlow.swift */; };
		E1B7287723A616AE00C753BC /* TabBarFlow.swift in Sources */ = {isa = PBXBuildFile; fileRef = E1B7287623A616AE00C753BC /* TabBarFlow.swift */; };
		E1DC7D8E239CD3EE00D592FF /* AppDelegate.swift in Sources */ = {isa = PBXBuildFile; fileRef = E1DC7D8D239CD3EE00D592FF /* AppDelegate.swift */; };
		E1DC7D90239CD3EE00D592FF /* SceneDelegate.swift in Sources */ = {isa = PBXBuildFile; fileRef = E1DC7D8F239CD3EE00D592FF /* SceneDelegate.swift */; };
		E1DC7D92239CD3EE00D592FF /* ViewController.swift in Sources */ = {isa = PBXBuildFile; fileRef = E1DC7D91239CD3EE00D592FF /* ViewController.swift */; };
		E1DC7D95239CD3EE00D592FF /* Main.storyboard in Resources */ = {isa = PBXBuildFile; fileRef = E1DC7D93239CD3EE00D592FF /* Main.storyboard */; };
		E1DC7D97239CD3EF00D592FF /* Assets.xcassets in Resources */ = {isa = PBXBuildFile; fileRef = E1DC7D96239CD3EF00D592FF /* Assets.xcassets */; };
		E1DC7D9A239CD3EF00D592FF /* LaunchScreen.storyboard in Resources */ = {isa = PBXBuildFile; fileRef = E1DC7D98239CD3EF00D592FF /* LaunchScreen.storyboard */; };
		E1DC7DA5239CD3EF00D592FF /* CleanArchitectureTests.swift in Sources */ = {isa = PBXBuildFile; fileRef = E1DC7DA4239CD3EF00D592FF /* CleanArchitectureTests.swift */; };
		E1DC7DB0239CD3EF00D592FF /* CleanArchitectureUITests.swift in Sources */ = {isa = PBXBuildFile; fileRef = E1DC7DAF239CD3EF00D592FF /* CleanArchitectureUITests.swift */; };
		E1DC7DC7239F878B00D592FF /* Info.plist in Resources */ = {isa = PBXBuildFile; fileRef = E1DC7D9B239CD3EF00D592FF /* Info.plist */; };
		E1DC7DC9239F8B7500D592FF /* BaseViewController.swift in Sources */ = {isa = PBXBuildFile; fileRef = E1DC7DC8239F8B7500D592FF /* BaseViewController.swift */; };
		E1DC7DCC239F8F9900D592FF /* MovieListViewController.swift in Sources */ = {isa = PBXBuildFile; fileRef = E1DC7DCB239F8F9900D592FF /* MovieListViewController.swift */; };
		E1DC7DCE239F8FAC00D592FF /* MovieListViewReactor.swift in Sources */ = {isa = PBXBuildFile; fileRef = E1DC7DCD239F8FAC00D592FF /* MovieListViewReactor.swift */; };
		E1DC7DD0239F8FCC00D592FF /* MovieStep.swift in Sources */ = {isa = PBXBuildFile; fileRef = E1DC7DCF239F8FCC00D592FF /* MovieStep.swift */; };
		E1DC7DD2239F8FDA00D592FF /* MovieFlow.swift in Sources */ = {isa = PBXBuildFile; fileRef = E1DC7DD1239F8FDA00D592FF /* MovieFlow.swift */; };
		E1DC7DD4239F981000D592FF /* MovieUseCase.swift in Sources */ = {isa = PBXBuildFile; fileRef = E1DC7DD3239F981000D592FF /* MovieUseCase.swift */; };
		E1DC7DDA239FD3D800D592FF /* DIContainer.swift in Sources */ = {isa = PBXBuildFile; fileRef = E1DC7DD9239FD3D800D592FF /* DIContainer.swift */; };
/* End PBXBuildFile section */

/* Begin PBXContainerItemProxy section */
		E1DC7DA1239CD3EF00D592FF /* PBXContainerItemProxy */ = {
			isa = PBXContainerItemProxy;
			containerPortal = E1DC7D82239CD3EE00D592FF /* Project object */;
			proxyType = 1;
			remoteGlobalIDString = E1DC7D89239CD3EE00D592FF;
			remoteInfo = CleanArchitecture;
		};
		E1DC7DAC239CD3EF00D592FF /* PBXContainerItemProxy */ = {
			isa = PBXContainerItemProxy;
			containerPortal = E1DC7D82239CD3EE00D592FF /* Project object */;
			proxyType = 1;
			remoteGlobalIDString = E1DC7D89239CD3EE00D592FF;
			remoteInfo = CleanArchitecture;
		};
/* End PBXContainerItemProxy section */

/* Begin PBXFileReference section */
		21AD7ADD507516C102724B98 /* Pods_CleanArchitecture.framework */ = {isa = PBXFileReference; explicitFileType = wrapper.framework; includeInIndex = 0; path = Pods_CleanArchitecture.framework; sourceTree = BUILT_PRODUCTS_DIR; };
		2AFF9D2D14F551E2A155AE7B /* Pods-CleanArchitecture.release.xcconfig */ = {isa = PBXFileReference; includeInIndex = 1; lastKnownFileType = text.xcconfig; name = "Pods-CleanArchitecture.release.xcconfig"; path = "Target Support Files/Pods-CleanArchitecture/Pods-CleanArchitecture.release.xcconfig"; sourceTree = "<group>"; };
		9C3336D10153BA3B6E97A522 /* Pods_CleanArchitectureTests.framework */ = {isa = PBXFileReference; explicitFileType = wrapper.framework; includeInIndex = 0; path = Pods_CleanArchitectureTests.framework; sourceTree = BUILT_PRODUCTS_DIR; };
		AFB255F4DF0A5C5F5BD0DA78 /* Pods-CleanArchitectureTests.release.xcconfig */ = {isa = PBXFileReference; includeInIndex = 1; lastKnownFileType = text.xcconfig; name = "Pods-CleanArchitectureTests.release.xcconfig"; path = "Target Support Files/Pods-CleanArchitectureTests/Pods-CleanArchitectureTests.release.xcconfig"; sourceTree = "<group>"; };
		BEF2D891104D13F066183073 /* Pods_CleanArchitectureUITests.framework */ = {isa = PBXFileReference; explicitFileType = wrapper.framework; includeInIndex = 0; path = Pods_CleanArchitectureUITests.framework; sourceTree = BUILT_PRODUCTS_DIR; };
		C6E5E80724139A22BE27BEC1 /* Pods-CleanArchitecture.debug.xcconfig */ = {isa = PBXFileReference; includeInIndex = 1; lastKnownFileType = text.xcconfig; name = "Pods-CleanArchitecture.debug.xcconfig"; path = "Target Support Files/Pods-CleanArchitecture/Pods-CleanArchitecture.debug.xcconfig"; sourceTree = "<group>"; };
		DFEE86C5FA7752C139D78FD8 /* Pods-CleanArchitectureUITests.debug.xcconfig */ = {isa = PBXFileReference; includeInIndex = 1; lastKnownFileType = text.xcconfig; name = "Pods-CleanArchitectureUITests.debug.xcconfig"; path = "Target Support Files/Pods-CleanArchitectureUITests/Pods-CleanArchitectureUITests.debug.xcconfig"; sourceTree = "<group>"; };
		E11170A123A4D76B00A20F41 /* Movie.swift */ = {isa = PBXFileReference; lastKnownFileType = sourcecode.swift; path = Movie.swift; sourceTree = "<group>"; };
		E11170A423A4E2F000A20F41 /* MovieCell.swift */ = {isa = PBXFileReference; lastKnownFileType = sourcecode.swift; path = MovieCell.swift; sourceTree = "<group>"; };
		E11170A623A4E3D800A20F41 /* MovieCellReactor.swift */ = {isa = PBXFileReference; lastKnownFileType = sourcecode.swift; path = MovieCellReactor.swift; sourceTree = "<group>"; };
		E141718323A6221C00426AB7 /* FavoriteMovieListViewController.swift */ = {isa = PBXFileReference; lastKnownFileType = sourcecode.swift; path = FavoriteMovieListViewController.swift; sourceTree = "<group>"; };
		E141718523A6223900426AB7 /* FavoriteMovieListViewReactor.swift */ = {isa = PBXFileReference; lastKnownFileType = sourcecode.swift; path = FavoriteMovieListViewReactor.swift; sourceTree = "<group>"; };
		E141718823A643F800426AB7 /* Toast.swift */ = {isa = PBXFileReference; lastKnownFileType = sourcecode.swift; path = Toast.swift; sourceTree = "<group>"; };
		E141718A23A6471000426AB7 /* Observable+Extension.swift */ = {isa = PBXFileReference; lastKnownFileType = sourcecode.swift; path = "Observable+Extension.swift"; sourceTree = "<group>"; };
		E141719123A65F8700426AB7 /* MovieRepository.swift */ = {isa = PBXFileReference; lastKnownFileType = sourcecode.swift; path = MovieRepository.swift; sourceTree = "<group>"; };
		E157782E23A28C8E00A5979E /* NetworkService.swift */ = {isa = PBXFileReference; lastKnownFileType = sourcecode.swift; path = NetworkService.swift; sourceTree = "<group>"; };
		E157783123A3C91D00A5979E /* WebApi.swift */ = {isa = PBXFileReference; lastKnownFileType = sourcecode.swift; path = WebApi.swift; sourceTree = "<group>"; };
		E1B7287023A517C800C753BC /* MovieDetailViewController.swift */ = {isa = PBXFileReference; lastKnownFileType = sourcecode.swift; path = MovieDetailViewController.swift; sourceTree = "<group>"; };
		E1B7287223A517D200C753BC /* MovieDetailViewReactor.swift */ = {isa = PBXFileReference; lastKnownFileType = sourcecode.swift; path = MovieDetailViewReactor.swift; sourceTree = "<group>"; };
		E1B7287423A614AF00C753BC /* FavoriteFlow.swift */ = {isa = PBXFileReference; lastKnownFileType = sourcecode.swift; path = FavoriteFlow.swift; sourceTree = "<group>"; };
		E1B7287623A616AE00C753BC /* TabBarFlow.swift */ = {isa = PBXFileReference; lastKnownFileType = sourcecode.swift; path = TabBarFlow.swift; sourceTree = "<group>"; };
		E1DC7D8A239CD3EE00D592FF /* CleanArchitecture.app */ = {isa = PBXFileReference; explicitFileType = wrapper.application; includeInIndex = 0; path = CleanArchitecture.app; sourceTree = BUILT_PRODUCTS_DIR; };
		E1DC7D8D239CD3EE00D592FF /* AppDelegate.swift */ = {isa = PBXFileReference; lastKnownFileType = sourcecode.swift; path = AppDelegate.swift; sourceTree = "<group>"; };
		E1DC7D8F239CD3EE00D592FF /* SceneDelegate.swift */ = {isa = PBXFileReference; lastKnownFileType = sourcecode.swift; path = SceneDelegate.swift; sourceTree = "<group>"; };
		E1DC7D91239CD3EE00D592FF /* ViewController.swift */ = {isa = PBXFileReference; lastKnownFileType = sourcecode.swift; path = ViewController.swift; sourceTree = "<group>"; };
		E1DC7D94239CD3EE00D592FF /* Base */ = {isa = PBXFileReference; lastKnownFileType = file.storyboard; name = Base; path = Base.lproj/Main.storyboard; sourceTree = "<group>"; };
		E1DC7D96239CD3EF00D592FF /* Assets.xcassets */ = {isa = PBXFileReference; lastKnownFileType = folder.assetcatalog; path = Assets.xcassets; sourceTree = "<group>"; };
		E1DC7D99239CD3EF00D592FF /* Base */ = {isa = PBXFileReference; lastKnownFileType = file.storyboard; name = Base; path = Base.lproj/LaunchScreen.storyboard; sourceTree = "<group>"; };
		E1DC7D9B239CD3EF00D592FF /* Info.plist */ = {isa = PBXFileReference; lastKnownFileType = text.plist.xml; path = Info.plist; sourceTree = "<group>"; };
		E1DC7DA0239CD3EF00D592FF /* CleanArchitectureTests.xctest */ = {isa = PBXFileReference; explicitFileType = wrapper.cfbundle; includeInIndex = 0; path = CleanArchitectureTests.xctest; sourceTree = BUILT_PRODUCTS_DIR; };
		E1DC7DA4239CD3EF00D592FF /* CleanArchitectureTests.swift */ = {isa = PBXFileReference; lastKnownFileType = sourcecode.swift; path = CleanArchitectureTests.swift; sourceTree = "<group>"; };
		E1DC7DA6239CD3EF00D592FF /* Info.plist */ = {isa = PBXFileReference; lastKnownFileType = text.plist.xml; path = Info.plist; sourceTree = "<group>"; };
		E1DC7DAB239CD3EF00D592FF /* CleanArchitectureUITests.xctest */ = {isa = PBXFileReference; explicitFileType = wrapper.cfbundle; includeInIndex = 0; path = CleanArchitectureUITests.xctest; sourceTree = BUILT_PRODUCTS_DIR; };
		E1DC7DAF239CD3EF00D592FF /* CleanArchitectureUITests.swift */ = {isa = PBXFileReference; lastKnownFileType = sourcecode.swift; path = CleanArchitectureUITests.swift; sourceTree = "<group>"; };
		E1DC7DB1239CD3EF00D592FF /* Info.plist */ = {isa = PBXFileReference; lastKnownFileType = text.plist.xml; path = Info.plist; sourceTree = "<group>"; };
		E1DC7DC8239F8B7500D592FF /* BaseViewController.swift */ = {isa = PBXFileReference; lastKnownFileType = sourcecode.swift; path = BaseViewController.swift; sourceTree = "<group>"; };
		E1DC7DCB239F8F9900D592FF /* MovieListViewController.swift */ = {isa = PBXFileReference; lastKnownFileType = sourcecode.swift; path = MovieListViewController.swift; sourceTree = "<group>"; };
		E1DC7DCD239F8FAC00D592FF /* MovieListViewReactor.swift */ = {isa = PBXFileReference; lastKnownFileType = sourcecode.swift; path = MovieListViewReactor.swift; sourceTree = "<group>"; };
		E1DC7DCF239F8FCC00D592FF /* MovieStep.swift */ = {isa = PBXFileReference; lastKnownFileType = sourcecode.swift; path = MovieStep.swift; sourceTree = "<group>"; };
		E1DC7DD1239F8FDA00D592FF /* MovieFlow.swift */ = {isa = PBXFileReference; lastKnownFileType = sourcecode.swift; path = MovieFlow.swift; sourceTree = "<group>"; };
		E1DC7DD3239F981000D592FF /* MovieUseCase.swift */ = {isa = PBXFileReference; lastKnownFileType = sourcecode.swift; path = MovieUseCase.swift; sourceTree = "<group>"; };
		E1DC7DD9239FD3D800D592FF /* DIContainer.swift */ = {isa = PBXFileReference; lastKnownFileType = sourcecode.swift; path = DIContainer.swift; sourceTree = "<group>"; };
		F588B9D0A12B055F3C74BF0A /* Pods-CleanArchitectureTests.debug.xcconfig */ = {isa = PBXFileReference; includeInIndex = 1; lastKnownFileType = text.xcconfig; name = "Pods-CleanArchitectureTests.debug.xcconfig"; path = "Target Support Files/Pods-CleanArchitectureTests/Pods-CleanArchitectureTests.debug.xcconfig"; sourceTree = "<group>"; };
		F8C1F9E769DBDD75BDC16C6E /* Pods-CleanArchitectureUITests.release.xcconfig */ = {isa = PBXFileReference; includeInIndex = 1; lastKnownFileType = text.xcconfig; name = "Pods-CleanArchitectureUITests.release.xcconfig"; path = "Target Support Files/Pods-CleanArchitectureUITests/Pods-CleanArchitectureUITests.release.xcconfig"; sourceTree = "<group>"; };
/* End PBXFileReference section */

/* Begin PBXFrameworksBuildPhase section */
		E1DC7D87239CD3EE00D592FF /* Frameworks */ = {
			isa = PBXFrameworksBuildPhase;
			buildActionMask = 2147483647;
			files = (
				BC202569EFD28C37B98C38C2 /* Pods_CleanArchitecture.framework in Frameworks */,
			);
			runOnlyForDeploymentPostprocessing = 0;
		};
		E1DC7D9D239CD3EF00D592FF /* Frameworks */ = {
			isa = PBXFrameworksBuildPhase;
			buildActionMask = 2147483647;
			files = (
				D3171DEA0F25C22ACF3F54A3 /* Pods_CleanArchitectureTests.framework in Frameworks */,
			);
			runOnlyForDeploymentPostprocessing = 0;
		};
		E1DC7DA8239CD3EF00D592FF /* Frameworks */ = {
			isa = PBXFrameworksBuildPhase;
			buildActionMask = 2147483647;
			files = (
				3E54966C34A021FAF41E3376 /* Pods_CleanArchitectureUITests.framework in Frameworks */,
			);
			runOnlyForDeploymentPostprocessing = 0;
		};
/* End PBXFrameworksBuildPhase section */

/* Begin PBXGroup section */
		C777E418427E44B3125CEEAF /* Pods */ = {
			isa = PBXGroup;
			children = (
				C6E5E80724139A22BE27BEC1 /* Pods-CleanArchitecture.debug.xcconfig */,
				2AFF9D2D14F551E2A155AE7B /* Pods-CleanArchitecture.release.xcconfig */,
				F588B9D0A12B055F3C74BF0A /* Pods-CleanArchitectureTests.debug.xcconfig */,
				AFB255F4DF0A5C5F5BD0DA78 /* Pods-CleanArchitectureTests.release.xcconfig */,
				DFEE86C5FA7752C139D78FD8 /* Pods-CleanArchitectureUITests.debug.xcconfig */,
				F8C1F9E769DBDD75BDC16C6E /* Pods-CleanArchitectureUITests.release.xcconfig */,
			);
			path = Pods;
			sourceTree = "<group>";
		};
		E141719023A65F7700426AB7 /* Interfaces */ = {
			isa = PBXGroup;
			children = (
				E141719123A65F8700426AB7 /* MovieRepository.swift */,
			);
			path = Interfaces;
			sourceTree = "<group>";
		};
		E157783323A3CDA500A5979E /* Extensions */ = {
			isa = PBXGroup;
			children = (
				E141718A23A6471000426AB7 /* Observable+Extension.swift */,
			);
			path = Extensions;
			sourceTree = "<group>";
		};
		E1DC7D81239CD3EE00D592FF = {
			isa = PBXGroup;
			children = (
				E1DC7D8C239CD3EE00D592FF /* CleanArchitecture */,
				E1DC7DA3239CD3EF00D592FF /* CleanArchitectureTests */,
				E1DC7DAE239CD3EF00D592FF /* CleanArchitectureUITests */,
				E1DC7D8B239CD3EE00D592FF /* Products */,
				C777E418427E44B3125CEEAF /* Pods */,
				F1E7AFEBD115A928E691B598 /* Frameworks */,
			);
			sourceTree = "<group>";
		};
		E1DC7D8B239CD3EE00D592FF /* Products */ = {
			isa = PBXGroup;
			children = (
				E1DC7D8A239CD3EE00D592FF /* CleanArchitecture.app */,
				E1DC7DA0239CD3EF00D592FF /* CleanArchitectureTests.xctest */,
				E1DC7DAB239CD3EF00D592FF /* CleanArchitectureUITests.xctest */,
			);
			name = Products;
			sourceTree = "<group>";
		};
		E1DC7D8C239CD3EE00D592FF /* CleanArchitecture */ = {
			isa = PBXGroup;
			children = (
				E157783323A3CDA500A5979E /* Extensions */,
				E1DC7DD8239FD3C400D592FF /* Application */,
				E1DC7DBF239F763D00D592FF /* Presentation */,
				E1DC7DBD239F761B00D592FF /* Domain */,
				E1DC7DBE239F763600D592FF /* Data */,
				E1DC7DC2239F77BE00D592FF /* Resources */,
				E1DC7D8D239CD3EE00D592FF /* AppDelegate.swift */,
				E1DC7D8F239CD3EE00D592FF /* SceneDelegate.swift */,
				E1DC7D91239CD3EE00D592FF /* ViewController.swift */,
				E1DC7D93239CD3EE00D592FF /* Main.storyboard */,
				E1DC7D98239CD3EF00D592FF /* LaunchScreen.storyboard */,
				E1DC7D9B239CD3EF00D592FF /* Info.plist */,
			);
			path = CleanArchitecture;
			sourceTree = "<group>";
		};
		E1DC7DA3239CD3EF00D592FF /* CleanArchitectureTests */ = {
			isa = PBXGroup;
			children = (
				E1DC7DA4239CD3EF00D592FF /* CleanArchitectureTests.swift */,
				E1DC7DA6239CD3EF00D592FF /* Info.plist */,
			);
			path = CleanArchitectureTests;
			sourceTree = "<group>";
		};
		E1DC7DAE239CD3EF00D592FF /* CleanArchitectureUITests */ = {
			isa = PBXGroup;
			children = (
				E1DC7DAF239CD3EF00D592FF /* CleanArchitectureUITests.swift */,
				E1DC7DB1239CD3EF00D592FF /* Info.plist */,
			);
			path = CleanArchitectureUITests;
			sourceTree = "<group>";
		};
		E1DC7DBD239F761B00D592FF /* Domain */ = {
			isa = PBXGroup;
			children = (
				E141719023A65F7700426AB7 /* Interfaces */,
				E1DC7DC1239F767200D592FF /* UseCases */,
				E1DC7DC0239F766500D592FF /* Entities */,
			);
			path = Domain;
			sourceTree = "<group>";
		};
		E1DC7DBE239F763600D592FF /* Data */ = {
			isa = PBXGroup;
			children = (
				E1DC7DCA239F8D2E00D592FF /* Network */,
			);
			path = Data;
			sourceTree = "<group>";
		};
		E1DC7DBF239F763D00D592FF /* Presentation */ = {
			isa = PBXGroup;
			children = (
				E1DC7DC6239F78CA00D592FF /* Views */,
				E1DC7DC4239F78B400D592FF /* ViewControllers */,
				E1DC7DC5239F78C500D592FF /* Reactors */,
				E1DC7DC3239F78AC00D592FF /* Flows */,
			);
			path = Presentation;
			sourceTree = "<group>";
		};
		E1DC7DC0239F766500D592FF /* Entities */ = {
			isa = PBXGroup;
			children = (
				E11170A123A4D76B00A20F41 /* Movie.swift */,
			);
			path = Entities;
			sourceTree = "<group>";
		};
		E1DC7DC1239F767200D592FF /* UseCases */ = {
			isa = PBXGroup;
			children = (
				E1DC7DD3239F981000D592FF /* MovieUseCase.swift */,
			);
			path = UseCases;
			sourceTree = "<group>";
		};
		E1DC7DC2239F77BE00D592FF /* Resources */ = {
			isa = PBXGroup;
			children = (
				E1DC7D96239CD3EF00D592FF /* Assets.xcassets */,
			);
			path = Resources;
			sourceTree = "<group>";
		};
		E1DC7DC3239F78AC00D592FF /* Flows */ = {
			isa = PBXGroup;
			children = (
				E1DC7DCF239F8FCC00D592FF /* MovieStep.swift */,
				E1DC7DD1239F8FDA00D592FF /* MovieFlow.swift */,
				E1B7287423A614AF00C753BC /* FavoriteFlow.swift */,
				E1B7287623A616AE00C753BC /* TabBarFlow.swift */,
			);
			path = Flows;
			sourceTree = "<group>";
		};
		E1DC7DC4239F78B400D592FF /* ViewControllers */ = {
			isa = PBXGroup;
			children = (
				E1DC7DC8239F8B7500D592FF /* BaseViewController.swift */,
				E1DC7DCB239F8F9900D592FF /* MovieListViewController.swift */,
				E1B7287023A517C800C753BC /* MovieDetailViewController.swift */,
				E141718323A6221C00426AB7 /* FavoriteMovieListViewController.swift */,
			);
			path = ViewControllers;
			sourceTree = "<group>";
		};
		E1DC7DC5239F78C500D592FF /* Reactors */ = {
			isa = PBXGroup;
			children = (
				E11170A623A4E3D800A20F41 /* MovieCellReactor.swift */,
				E1DC7DCD239F8FAC00D592FF /* MovieListViewReactor.swift */,
				E1B7287223A517D200C753BC /* MovieDetailViewReactor.swift */,
				E141718523A6223900426AB7 /* FavoriteMovieListViewReactor.swift */,
			);
			path = Reactors;
			sourceTree = "<group>";
		};
		E1DC7DC6239F78CA00D592FF /* Views */ = {
			isa = PBXGroup;
			children = (
				E11170A423A4E2F000A20F41 /* MovieCell.swift */,
				E141718823A643F800426AB7 /* Toast.swift */,
			);
			path = Views;
			sourceTree = "<group>";
		};
		E1DC7DCA239F8D2E00D592FF /* Network */ = {
			isa = PBXGroup;
			children = (
				E157782E23A28C8E00A5979E /* NetworkService.swift */,
				E157783123A3C91D00A5979E /* WebApi.swift */,
			);
			path = Network;
			sourceTree = "<group>";
		};
		E1DC7DD8239FD3C400D592FF /* Application */ = {
			isa = PBXGroup;
			children = (
				E1DC7DD9239FD3D800D592FF /* DIContainer.swift */,
			);
			path = Application;
			sourceTree = "<group>";
		};
		F1E7AFEBD115A928E691B598 /* Frameworks */ = {
			isa = PBXGroup;
			children = (
				21AD7ADD507516C102724B98 /* Pods_CleanArchitecture.framework */,
				9C3336D10153BA3B6E97A522 /* Pods_CleanArchitectureTests.framework */,
				BEF2D891104D13F066183073 /* Pods_CleanArchitectureUITests.framework */,
			);
			name = Frameworks;
			sourceTree = "<group>";
		};
/* End PBXGroup section */

/* Begin PBXNativeTarget section */
		E1DC7D89239CD3EE00D592FF /* CleanArchitecture */ = {
			isa = PBXNativeTarget;
			buildConfigurationList = E1DC7DB4239CD3EF00D592FF /* Build configuration list for PBXNativeTarget "CleanArchitecture" */;
			buildPhases = (
				8FCF1CBAE8C62A5AC62A038C /* [CP] Check Pods Manifest.lock */,
				E1DC7D86239CD3EE00D592FF /* Sources */,
				E1DC7D87239CD3EE00D592FF /* Frameworks */,
				E1DC7D88239CD3EE00D592FF /* Resources */,
				B7A67F2E73C1145792312D25 /* [CP] Embed Pods Frameworks */,
			);
			buildRules = (
			);
			dependencies = (
			);
			name = CleanArchitecture;
			productName = CleanArchitecture;
			productReference = E1DC7D8A239CD3EE00D592FF /* CleanArchitecture.app */;
			productType = "com.apple.product-type.application";
		};
		E1DC7D9F239CD3EF00D592FF /* CleanArchitectureTests */ = {
			isa = PBXNativeTarget;
			buildConfigurationList = E1DC7DB7239CD3EF00D592FF /* Build configuration list for PBXNativeTarget "CleanArchitectureTests" */;
			buildPhases = (
				DF31F25346B09A946E732245 /* [CP] Check Pods Manifest.lock */,
				E1DC7D9C239CD3EF00D592FF /* Sources */,
				E1DC7D9D239CD3EF00D592FF /* Frameworks */,
				E1DC7D9E239CD3EF00D592FF /* Resources */,
			);
			buildRules = (
			);
			dependencies = (
				E1DC7DA2239CD3EF00D592FF /* PBXTargetDependency */,
			);
			name = CleanArchitectureTests;
			productName = CleanArchitectureTests;
			productReference = E1DC7DA0239CD3EF00D592FF /* CleanArchitectureTests.xctest */;
			productType = "com.apple.product-type.bundle.unit-test";
		};
		E1DC7DAA239CD3EF00D592FF /* CleanArchitectureUITests */ = {
			isa = PBXNativeTarget;
			buildConfigurationList = E1DC7DBA239CD3EF00D592FF /* Build configuration list for PBXNativeTarget "CleanArchitectureUITests" */;
			buildPhases = (
				E9650B430BCE964D0AE7C863 /* [CP] Check Pods Manifest.lock */,
				E1DC7DA7239CD3EF00D592FF /* Sources */,
				E1DC7DA8239CD3EF00D592FF /* Frameworks */,
				E1DC7DA9239CD3EF00D592FF /* Resources */,
			);
			buildRules = (
			);
			dependencies = (
				E1DC7DAD239CD3EF00D592FF /* PBXTargetDependency */,
			);
			name = CleanArchitectureUITests;
			productName = CleanArchitectureUITests;
			productReference = E1DC7DAB239CD3EF00D592FF /* CleanArchitectureUITests.xctest */;
			productType = "com.apple.product-type.bundle.ui-testing";
		};
/* End PBXNativeTarget section */

/* Begin PBXProject section */
		E1DC7D82239CD3EE00D592FF /* Project object */ = {
			isa = PBXProject;
			attributes = {
				LastSwiftUpdateCheck = 1110;
				LastUpgradeCheck = 1110;
				ORGANIZATIONNAME = sanichdaniel;
				TargetAttributes = {
					E1DC7D89239CD3EE00D592FF = {
						CreatedOnToolsVersion = 11.1;
					};
					E1DC7D9F239CD3EF00D592FF = {
						CreatedOnToolsVersion = 11.1;
						TestTargetID = E1DC7D89239CD3EE00D592FF;
					};
					E1DC7DAA239CD3EF00D592FF = {
						CreatedOnToolsVersion = 11.1;
						TestTargetID = E1DC7D89239CD3EE00D592FF;
					};
				};
			};
			buildConfigurationList = E1DC7D85239CD3EE00D592FF /* Build configuration list for PBXProject "CleanArchitecture" */;
			compatibilityVersion = "Xcode 9.3";
			developmentRegion = en;
			hasScannedForEncodings = 0;
			knownRegions = (
				en,
				Base,
			);
			mainGroup = E1DC7D81239CD3EE00D592FF;
			productRefGroup = E1DC7D8B239CD3EE00D592FF /* Products */;
			projectDirPath = "";
			projectRoot = "";
			targets = (
				E1DC7D89239CD3EE00D592FF /* CleanArchitecture */,
				E1DC7D9F239CD3EF00D592FF /* CleanArchitectureTests */,
				E1DC7DAA239CD3EF00D592FF /* CleanArchitectureUITests */,
			);
		};
/* End PBXProject section */

/* Begin PBXResourcesBuildPhase section */
		E1DC7D88239CD3EE00D592FF /* Resources */ = {
			isa = PBXResourcesBuildPhase;
			buildActionMask = 2147483647;
			files = (
				E1DC7DC7239F878B00D592FF /* Info.plist in Resources */,
				E1DC7D9A239CD3EF00D592FF /* LaunchScreen.storyboard in Resources */,
				E1DC7D97239CD3EF00D592FF /* Assets.xcassets in Resources */,
				E1DC7D95239CD3EE00D592FF /* Main.storyboard in Resources */,
			);
			runOnlyForDeploymentPostprocessing = 0;
		};
		E1DC7D9E239CD3EF00D592FF /* Resources */ = {
			isa = PBXResourcesBuildPhase;
			buildActionMask = 2147483647;
			files = (
			);
			runOnlyForDeploymentPostprocessing = 0;
		};
		E1DC7DA9239CD3EF00D592FF /* Resources */ = {
			isa = PBXResourcesBuildPhase;
			buildActionMask = 2147483647;
			files = (
			);
			runOnlyForDeploymentPostprocessing = 0;
		};
/* End PBXResourcesBuildPhase section */

/* Begin PBXShellScriptBuildPhase section */
		8FCF1CBAE8C62A5AC62A038C /* [CP] Check Pods Manifest.lock */ = {
			isa = PBXShellScriptBuildPhase;
			buildActionMask = 2147483647;
			files = (
			);
			inputFileListPaths = (
			);
			inputPaths = (
				"${PODS_PODFILE_DIR_PATH}/Podfile.lock",
				"${PODS_ROOT}/Manifest.lock",
			);
			name = "[CP] Check Pods Manifest.lock";
			outputFileListPaths = (
			);
			outputPaths = (
				"$(DERIVED_FILE_DIR)/Pods-CleanArchitecture-checkManifestLockResult.txt",
			);
			runOnlyForDeploymentPostprocessing = 0;
			shellPath = /bin/sh;
			shellScript = "diff \"${PODS_PODFILE_DIR_PATH}/Podfile.lock\" \"${PODS_ROOT}/Manifest.lock\" > /dev/null\nif [ $? != 0 ] ; then\n    # print error to STDERR\n    echo \"error: The sandbox is not in sync with the Podfile.lock. Run 'pod install' or update your CocoaPods installation.\" >&2\n    exit 1\nfi\n# This output is used by Xcode 'outputs' to avoid re-running this script phase.\necho \"SUCCESS\" > \"${SCRIPT_OUTPUT_FILE_0}\"\n";
			showEnvVarsInLog = 0;
		};
		B7A67F2E73C1145792312D25 /* [CP] Embed Pods Frameworks */ = {
			isa = PBXShellScriptBuildPhase;
			buildActionMask = 2147483647;
			files = (
			);
			inputFileListPaths = (
				"${PODS_ROOT}/Target Support Files/Pods-CleanArchitecture/Pods-CleanArchitecture-frameworks-${CONFIGURATION}-input-files.xcfilelist",
			);
			name = "[CP] Embed Pods Frameworks";
			outputFileListPaths = (
				"${PODS_ROOT}/Target Support Files/Pods-CleanArchitecture/Pods-CleanArchitecture-frameworks-${CONFIGURATION}-output-files.xcfilelist",
			);
			runOnlyForDeploymentPostprocessing = 0;
			shellPath = /bin/sh;
			shellScript = "\"${PODS_ROOT}/Target Support Files/Pods-CleanArchitecture/Pods-CleanArchitecture-frameworks.sh\"\n";
			showEnvVarsInLog = 0;
		};
		DF31F25346B09A946E732245 /* [CP] Check Pods Manifest.lock */ = {
			isa = PBXShellScriptBuildPhase;
			buildActionMask = 2147483647;
			files = (
			);
			inputFileListPaths = (
			);
			inputPaths = (
				"${PODS_PODFILE_DIR_PATH}/Podfile.lock",
				"${PODS_ROOT}/Manifest.lock",
			);
			name = "[CP] Check Pods Manifest.lock";
			outputFileListPaths = (
			);
			outputPaths = (
				"$(DERIVED_FILE_DIR)/Pods-CleanArchitectureTests-checkManifestLockResult.txt",
			);
			runOnlyForDeploymentPostprocessing = 0;
			shellPath = /bin/sh;
			shellScript = "diff \"${PODS_PODFILE_DIR_PATH}/Podfile.lock\" \"${PODS_ROOT}/Manifest.lock\" > /dev/null\nif [ $? != 0 ] ; then\n    # print error to STDERR\n    echo \"error: The sandbox is not in sync with the Podfile.lock. Run 'pod install' or update your CocoaPods installation.\" >&2\n    exit 1\nfi\n# This output is used by Xcode 'outputs' to avoid re-running this script phase.\necho \"SUCCESS\" > \"${SCRIPT_OUTPUT_FILE_0}\"\n";
			showEnvVarsInLog = 0;
		};
		E9650B430BCE964D0AE7C863 /* [CP] Check Pods Manifest.lock */ = {
			isa = PBXShellScriptBuildPhase;
			buildActionMask = 2147483647;
			files = (
			);
			inputFileListPaths = (
			);
			inputPaths = (
				"${PODS_PODFILE_DIR_PATH}/Podfile.lock",
				"${PODS_ROOT}/Manifest.lock",
			);
			name = "[CP] Check Pods Manifest.lock";
			outputFileListPaths = (
			);
			outputPaths = (
				"$(DERIVED_FILE_DIR)/Pods-CleanArchitectureUITests-checkManifestLockResult.txt",
			);
			runOnlyForDeploymentPostprocessing = 0;
			shellPath = /bin/sh;
			shellScript = "diff \"${PODS_PODFILE_DIR_PATH}/Podfile.lock\" \"${PODS_ROOT}/Manifest.lock\" > /dev/null\nif [ $? != 0 ] ; then\n    # print error to STDERR\n    echo \"error: The sandbox is not in sync with the Podfile.lock. Run 'pod install' or update your CocoaPods installation.\" >&2\n    exit 1\nfi\n# This output is used by Xcode 'outputs' to avoid re-running this script phase.\necho \"SUCCESS\" > \"${SCRIPT_OUTPUT_FILE_0}\"\n";
			showEnvVarsInLog = 0;
		};
/* End PBXShellScriptBuildPhase section */

/* Begin PBXSourcesBuildPhase section */
		E1DC7D86239CD3EE00D592FF /* Sources */ = {
			isa = PBXSourcesBuildPhase;
			buildActionMask = 2147483647;
			files = (
				E11170A523A4E2F000A20F41 /* MovieCell.swift in Sources */,
				E157782F23A28C8E00A5979E /* NetworkService.swift in Sources */,
				E1DC7DCE239F8FAC00D592FF /* MovieListViewReactor.swift in Sources */,
				E141718B23A6471000426AB7 /* Observable+Extension.swift in Sources */,
				E1DC7DD0239F8FCC00D592FF /* MovieStep.swift in Sources */,
				E1DC7DDA239FD3D800D592FF /* DIContainer.swift in Sources */,
				E1B7287723A616AE00C753BC /* TabBarFlow.swift in Sources */,
				E1DC7DD2239F8FDA00D592FF /* MovieFlow.swift in Sources */,
				E141719223A65F8700426AB7 /* MovieRepository.swift in Sources */,
				E141718423A6221C00426AB7 /* FavoriteMovieListViewController.swift in Sources */,
				E11170A723A4E3D800A20F41 /* MovieCellReactor.swift in Sources */,
				E1DC7D92239CD3EE00D592FF /* ViewController.swift in Sources */,
				E1DC7DCC239F8F9900D592FF /* MovieListViewController.swift in Sources */,
				E1DC7DC9239F8B7500D592FF /* BaseViewController.swift in Sources */,
				E141718623A6223900426AB7 /* FavoriteMovieListViewReactor.swift in Sources */,
				E11170A223A4D76B00A20F41 /* Movie.swift in Sources */,
				E1DC7D8E239CD3EE00D592FF /* AppDelegate.swift in Sources */,
				E1B7287123A517C800C753BC /* MovieDetailViewController.swift in Sources */,
				E1DC7D90239CD3EE00D592FF /* SceneDelegate.swift in Sources */,
				E1DC7DD4239F981000D592FF /* MovieUseCase.swift in Sources */,
				E157783223A3C91D00A5979E /* WebApi.swift in Sources */,
				E141718923A643F800426AB7 /* Toast.swift in Sources */,
				E1B7287323A517D200C753BC /* MovieDetailViewReactor.swift in Sources */,
				E1B7287523A614AF00C753BC /* FavoriteFlow.swift in Sources */,
			);
			runOnlyForDeploymentPostprocessing = 0;
		};
		E1DC7D9C239CD3EF00D592FF /* Sources */ = {
			isa = PBXSourcesBuildPhase;
			buildActionMask = 2147483647;
			files = (
				E1DC7DA5239CD3EF00D592FF /* CleanArchitectureTests.swift in Sources */,
			);
			runOnlyForDeploymentPostprocessing = 0;
		};
		E1DC7DA7239CD3EF00D592FF /* Sources */ = {
			isa = PBXSourcesBuildPhase;
			buildActionMask = 2147483647;
			files = (
				E1DC7DB0239CD3EF00D592FF /* CleanArchitectureUITests.swift in Sources */,
			);
			runOnlyForDeploymentPostprocessing = 0;
		};
/* End PBXSourcesBuildPhase section */

/* Begin PBXTargetDependency section */
		E1DC7DA2239CD3EF00D592FF /* PBXTargetDependency */ = {
			isa = PBXTargetDependency;
			target = E1DC7D89239CD3EE00D592FF /* CleanArchitecture */;
			targetProxy = E1DC7DA1239CD3EF00D592FF /* PBXContainerItemProxy */;
		};
		E1DC7DAD239CD3EF00D592FF /* PBXTargetDependency */ = {
			isa = PBXTargetDependency;
			target = E1DC7D89239CD3EE00D592FF /* CleanArchitecture */;
			targetProxy = E1DC7DAC239CD3EF00D592FF /* PBXContainerItemProxy */;
		};
/* End PBXTargetDependency section */

/* Begin PBXVariantGroup section */
		E1DC7D93239CD3EE00D592FF /* Main.storyboard */ = {
			isa = PBXVariantGroup;
			children = (
				E1DC7D94239CD3EE00D592FF /* Base */,
			);
			name = Main.storyboard;
			sourceTree = "<group>";
		};
		E1DC7D98239CD3EF00D592FF /* LaunchScreen.storyboard */ = {
			isa = PBXVariantGroup;
			children = (
				E1DC7D99239CD3EF00D592FF /* Base */,
			);
			name = LaunchScreen.storyboard;
			sourceTree = "<group>";
		};
/* End PBXVariantGroup section */

/* Begin XCBuildConfiguration section */
		E1DC7DB2239CD3EF00D592FF /* Debug */ = {
			isa = XCBuildConfiguration;
			buildSettings = {
				ALWAYS_SEARCH_USER_PATHS = NO;
				CLANG_ANALYZER_NONNULL = YES;
				CLANG_ANALYZER_NUMBER_OBJECT_CONVERSION = YES_AGGRESSIVE;
				CLANG_CXX_LANGUAGE_STANDARD = "gnu++14";
				CLANG_CXX_LIBRARY = "libc++";
				CLANG_ENABLE_MODULES = YES;
				CLANG_ENABLE_OBJC_ARC = YES;
				CLANG_ENABLE_OBJC_WEAK = YES;
				CLANG_WARN_BLOCK_CAPTURE_AUTORELEASING = YES;
				CLANG_WARN_BOOL_CONVERSION = YES;
				CLANG_WARN_COMMA = YES;
				CLANG_WARN_CONSTANT_CONVERSION = YES;
				CLANG_WARN_DEPRECATED_OBJC_IMPLEMENTATIONS = YES;
				CLANG_WARN_DIRECT_OBJC_ISA_USAGE = YES_ERROR;
				CLANG_WARN_DOCUMENTATION_COMMENTS = YES;
				CLANG_WARN_EMPTY_BODY = YES;
				CLANG_WARN_ENUM_CONVERSION = YES;
				CLANG_WARN_INFINITE_RECURSION = YES;
				CLANG_WARN_INT_CONVERSION = YES;
				CLANG_WARN_NON_LITERAL_NULL_CONVERSION = YES;
				CLANG_WARN_OBJC_IMPLICIT_RETAIN_SELF = YES;
				CLANG_WARN_OBJC_LITERAL_CONVERSION = YES;
				CLANG_WARN_OBJC_ROOT_CLASS = YES_ERROR;
				CLANG_WARN_RANGE_LOOP_ANALYSIS = YES;
				CLANG_WARN_STRICT_PROTOTYPES = YES;
				CLANG_WARN_SUSPICIOUS_MOVE = YES;
				CLANG_WARN_UNGUARDED_AVAILABILITY = YES_AGGRESSIVE;
				CLANG_WARN_UNREACHABLE_CODE = YES;
				CLANG_WARN__DUPLICATE_METHOD_MATCH = YES;
				COPY_PHASE_STRIP = NO;
				DEBUG_INFORMATION_FORMAT = dwarf;
				ENABLE_STRICT_OBJC_MSGSEND = YES;
				ENABLE_TESTABILITY = YES;
				GCC_C_LANGUAGE_STANDARD = gnu11;
				GCC_DYNAMIC_NO_PIC = NO;
				GCC_NO_COMMON_BLOCKS = YES;
				GCC_OPTIMIZATION_LEVEL = 0;
				GCC_PREPROCESSOR_DEFINITIONS = (
					"DEBUG=1",
					"$(inherited)",
				);
				GCC_WARN_64_TO_32_BIT_CONVERSION = YES;
				GCC_WARN_ABOUT_RETURN_TYPE = YES_ERROR;
				GCC_WARN_UNDECLARED_SELECTOR = YES;
				GCC_WARN_UNINITIALIZED_AUTOS = YES_AGGRESSIVE;
				GCC_WARN_UNUSED_FUNCTION = YES;
				GCC_WARN_UNUSED_VARIABLE = YES;
				IPHONEOS_DEPLOYMENT_TARGET = 13.1;
				MTL_ENABLE_DEBUG_INFO = INCLUDE_SOURCE;
				MTL_FAST_MATH = YES;
				ONLY_ACTIVE_ARCH = YES;
				SDKROOT = iphoneos;
				SWIFT_ACTIVE_COMPILATION_CONDITIONS = DEBUG;
				SWIFT_OPTIMIZATION_LEVEL = "-Onone";
			};
			name = Debug;
		};
		E1DC7DB3239CD3EF00D592FF /* Release */ = {
			isa = XCBuildConfiguration;
			buildSettings = {
				ALWAYS_SEARCH_USER_PATHS = NO;
				CLANG_ANALYZER_NONNULL = YES;
				CLANG_ANALYZER_NUMBER_OBJECT_CONVERSION = YES_AGGRESSIVE;
				CLANG_CXX_LANGUAGE_STANDARD = "gnu++14";
				CLANG_CXX_LIBRARY = "libc++";
				CLANG_ENABLE_MODULES = YES;
				CLANG_ENABLE_OBJC_ARC = YES;
				CLANG_ENABLE_OBJC_WEAK = YES;
				CLANG_WARN_BLOCK_CAPTURE_AUTORELEASING = YES;
				CLANG_WARN_BOOL_CONVERSION = YES;
				CLANG_WARN_COMMA = YES;
				CLANG_WARN_CONSTANT_CONVERSION = YES;
				CLANG_WARN_DEPRECATED_OBJC_IMPLEMENTATIONS = YES;
				CLANG_WARN_DIRECT_OBJC_ISA_USAGE = YES_ERROR;
				CLANG_WARN_DOCUMENTATION_COMMENTS = YES;
				CLANG_WARN_EMPTY_BODY = YES;
				CLANG_WARN_ENUM_CONVERSION = YES;
				CLANG_WARN_INFINITE_RECURSION = YES;
				CLANG_WARN_INT_CONVERSION = YES;
				CLANG_WARN_NON_LITERAL_NULL_CONVERSION = YES;
				CLANG_WARN_OBJC_IMPLICIT_RETAIN_SELF = YES;
				CLANG_WARN_OBJC_LITERAL_CONVERSION = YES;
				CLANG_WARN_OBJC_ROOT_CLASS = YES_ERROR;
				CLANG_WARN_RANGE_LOOP_ANALYSIS = YES;
				CLANG_WARN_STRICT_PROTOTYPES = YES;
				CLANG_WARN_SUSPICIOUS_MOVE = YES;
				CLANG_WARN_UNGUARDED_AVAILABILITY = YES_AGGRESSIVE;
				CLANG_WARN_UNREACHABLE_CODE = YES;
				CLANG_WARN__DUPLICATE_METHOD_MATCH = YES;
				COPY_PHASE_STRIP = NO;
				DEBUG_INFORMATION_FORMAT = "dwarf-with-dsym";
				ENABLE_NS_ASSERTIONS = NO;
				ENABLE_STRICT_OBJC_MSGSEND = YES;
				GCC_C_LANGUAGE_STANDARD = gnu11;
				GCC_NO_COMMON_BLOCKS = YES;
				GCC_WARN_64_TO_32_BIT_CONVERSION = YES;
				GCC_WARN_ABOUT_RETURN_TYPE = YES_ERROR;
				GCC_WARN_UNDECLARED_SELECTOR = YES;
				GCC_WARN_UNINITIALIZED_AUTOS = YES_AGGRESSIVE;
				GCC_WARN_UNUSED_FUNCTION = YES;
				GCC_WARN_UNUSED_VARIABLE = YES;
				IPHONEOS_DEPLOYMENT_TARGET = 13.1;
				MTL_ENABLE_DEBUG_INFO = NO;
				MTL_FAST_MATH = YES;
				SDKROOT = iphoneos;
				SWIFT_COMPILATION_MODE = wholemodule;
				SWIFT_OPTIMIZATION_LEVEL = "-O";
				VALIDATE_PRODUCT = YES;
			};
			name = Release;
		};
		E1DC7DB5239CD3EF00D592FF /* Debug */ = {
			isa = XCBuildConfiguration;
			baseConfigurationReference = C6E5E80724139A22BE27BEC1 /* Pods-CleanArchitecture.debug.xcconfig */;
			buildSettings = {
				ASSETCATALOG_COMPILER_APPICON_NAME = AppIcon;
				CODE_SIGN_STYLE = Automatic;
				DEVELOPMENT_TEAM = 3SS2J6F5DZ;
				INFOPLIST_FILE = CleanArchitecture/Info.plist;
				LD_RUNPATH_SEARCH_PATHS = (
					"$(inherited)",
					"@executable_path/Frameworks",
				);
				PRODUCT_BUNDLE_IDENTIFIER = sanichdaniel.CleanArchitecture;
				PRODUCT_NAME = "$(TARGET_NAME)";
				SWIFT_VERSION = 5.0;
				TARGETED_DEVICE_FAMILY = "1,2";
			};
			name = Debug;
		};
		E1DC7DB6239CD3EF00D592FF /* Release */ = {
			isa = XCBuildConfiguration;
			baseConfigurationReference = 2AFF9D2D14F551E2A155AE7B /* Pods-CleanArchitecture.release.xcconfig */;
			buildSettings = {
				ASSETCATALOG_COMPILER_APPICON_NAME = AppIcon;
				CODE_SIGN_STYLE = Automatic;
				DEVELOPMENT_TEAM = 3SS2J6F5DZ;
				INFOPLIST_FILE = CleanArchitecture/Info.plist;
				LD_RUNPATH_SEARCH_PATHS = (
					"$(inherited)",
					"@executable_path/Frameworks",
				);
				PRODUCT_BUNDLE_IDENTIFIER = sanichdaniel.CleanArchitecture;
				PRODUCT_NAME = "$(TARGET_NAME)";
				SWIFT_VERSION = 5.0;
				TARGETED_DEVICE_FAMILY = "1,2";
			};
			name = Release;
		};
		E1DC7DB8239CD3EF00D592FF /* Debug */ = {
			isa = XCBuildConfiguration;
			baseConfigurationReference = F588B9D0A12B055F3C74BF0A /* Pods-CleanArchitectureTests.debug.xcconfig */;
			buildSettings = {
				ALWAYS_EMBED_SWIFT_STANDARD_LIBRARIES = YES;
				BUNDLE_LOADER = "$(TEST_HOST)";
				CODE_SIGN_STYLE = Automatic;
				DEVELOPMENT_TEAM = 3SS2J6F5DZ;
				INFOPLIST_FILE = CleanArchitectureTests/Info.plist;
				IPHONEOS_DEPLOYMENT_TARGET = 13.1;
				LD_RUNPATH_SEARCH_PATHS = (
					"$(inherited)",
					"@executable_path/Frameworks",
					"@loader_path/Frameworks",
				);
				PRODUCT_BUNDLE_IDENTIFIER = sanichdaniel.CleanArchitectureTests;
				PRODUCT_NAME = "$(TARGET_NAME)";
				SWIFT_VERSION = 5.0;
				TARGETED_DEVICE_FAMILY = "1,2";
				TEST_HOST = "$(BUILT_PRODUCTS_DIR)/CleanArchitecture.app/CleanArchitecture";
			};
			name = Debug;
		};
		E1DC7DB9239CD3EF00D592FF /* Release */ = {
			isa = XCBuildConfiguration;
			baseConfigurationReference = AFB255F4DF0A5C5F5BD0DA78 /* Pods-CleanArchitectureTests.release.xcconfig */;
			buildSettings = {
				ALWAYS_EMBED_SWIFT_STANDARD_LIBRARIES = YES;
				BUNDLE_LOADER = "$(TEST_HOST)";
				CODE_SIGN_STYLE = Automatic;
				DEVELOPMENT_TEAM = 3SS2J6F5DZ;
				INFOPLIST_FILE = CleanArchitectureTests/Info.plist;
				IPHONEOS_DEPLOYMENT_TARGET = 13.1;
				LD_RUNPATH_SEARCH_PATHS = (
					"$(inherited)",
					"@executable_path/Frameworks",
					"@loader_path/Frameworks",
				);
				PRODUCT_BUNDLE_IDENTIFIER = sanichdaniel.CleanArchitectureTests;
				PRODUCT_NAME = "$(TARGET_NAME)";
				SWIFT_VERSION = 5.0;
				TARGETED_DEVICE_FAMILY = "1,2";
				TEST_HOST = "$(BUILT_PRODUCTS_DIR)/CleanArchitecture.app/CleanArchitecture";
			};
			name = Release;
		};
		E1DC7DBB239CD3EF00D592FF /* Debug */ = {
			isa = XCBuildConfiguration;
			baseConfigurationReference = DFEE86C5FA7752C139D78FD8 /* Pods-CleanArchitectureUITests.debug.xcconfig */;
			buildSettings = {
				ALWAYS_EMBED_SWIFT_STANDARD_LIBRARIES = YES;
				CODE_SIGN_STYLE = Automatic;
				DEVELOPMENT_TEAM = 3SS2J6F5DZ;
				INFOPLIST_FILE = CleanArchitectureUITests/Info.plist;
				LD_RUNPATH_SEARCH_PATHS = (
					"$(inherited)",
					"@executable_path/Frameworks",
					"@loader_path/Frameworks",
				);
				PRODUCT_BUNDLE_IDENTIFIER = sanichdaniel.CleanArchitectureUITests;
				PRODUCT_NAME = "$(TARGET_NAME)";
				SWIFT_VERSION = 5.0;
				TARGETED_DEVICE_FAMILY = "1,2";
				TEST_TARGET_NAME = CleanArchitecture;
			};
			name = Debug;
		};
		E1DC7DBC239CD3EF00D592FF /* Release */ = {
			isa = XCBuildConfiguration;
			baseConfigurationReference = F8C1F9E769DBDD75BDC16C6E /* Pods-CleanArchitectureUITests.release.xcconfig */;
			buildSettings = {
				ALWAYS_EMBED_SWIFT_STANDARD_LIBRARIES = YES;
				CODE_SIGN_STYLE = Automatic;
				DEVELOPMENT_TEAM = 3SS2J6F5DZ;
				INFOPLIST_FILE = CleanArchitectureUITests/Info.plist;
				LD_RUNPATH_SEARCH_PATHS = (
					"$(inherited)",
					"@executable_path/Frameworks",
					"@loader_path/Frameworks",
				);
				PRODUCT_BUNDLE_IDENTIFIER = sanichdaniel.CleanArchitectureUITests;
				PRODUCT_NAME = "$(TARGET_NAME)";
				SWIFT_VERSION = 5.0;
				TARGETED_DEVICE_FAMILY = "1,2";
				TEST_TARGET_NAME = CleanArchitecture;
			};
			name = Release;
		};
/* End XCBuildConfiguration section */

/* Begin XCConfigurationList section */
		E1DC7D85239CD3EE00D592FF /* Build configuration list for PBXProject "CleanArchitecture" */ = {
			isa = XCConfigurationList;
			buildConfigurations = (
				E1DC7DB2239CD3EF00D592FF /* Debug */,
				E1DC7DB3239CD3EF00D592FF /* Release */,
			);
			defaultConfigurationIsVisible = 0;
			defaultConfigurationName = Release;
		};
		E1DC7DB4239CD3EF00D592FF /* Build configuration list for PBXNativeTarget "CleanArchitecture" */ = {
			isa = XCConfigurationList;
			buildConfigurations = (
				E1DC7DB5239CD3EF00D592FF /* Debug */,
				E1DC7DB6239CD3EF00D592FF /* Release */,
			);
			defaultConfigurationIsVisible = 0;
			defaultConfigurationName = Release;
		};
		E1DC7DB7239CD3EF00D592FF /* Build configuration list for PBXNativeTarget "CleanArchitectureTests" */ = {
			isa = XCConfigurationList;
			buildConfigurations = (
				E1DC7DB8239CD3EF00D592FF /* Debug */,
				E1DC7DB9239CD3EF00D592FF /* Release */,
			);
			defaultConfigurationIsVisible = 0;
			defaultConfigurationName = Release;
		};
		E1DC7DBA239CD3EF00D592FF /* Build configuration list for PBXNativeTarget "CleanArchitectureUITests" */ = {
			isa = XCConfigurationList;
			buildConfigurations = (
				E1DC7DBB239CD3EF00D592FF /* Debug */,
				E1DC7DBC239CD3EF00D592FF /* Release */,
			);
			defaultConfigurationIsVisible = 0;
			defaultConfigurationName = Release;
		};
/* End XCConfigurationList section */
	};
	rootObject = E1DC7D82239CD3EE00D592FF /* Project object */;
}
